// !$*UTF8*$!
{
	archiveVersion = 1;
	classes = {
	};
	objectVersion = 56;
	objects = {

/* Begin PBXBuildFile section */
		449096272C51E7C000EF97A3 /* Data.swift in Sources */ = {isa = PBXBuildFile; fileRef = 449096262C51E7C000EF97A3 /* Data.swift */; };
		449096422C520ECD00EF97A3 /* BTManager.swift in Sources */ = {isa = PBXBuildFile; fileRef = 4490963E2C520ECD00EF97A3 /* BTManager.swift */; };
		449096432C520ECD00EF97A3 /* BTDevice.swift in Sources */ = {isa = PBXBuildFile; fileRef = 4490963F2C520ECD00EF97A3 /* BTDevice.swift */; };
		449096442C520ECD00EF97A3 /* BTUUIDs.swift in Sources */ = {isa = PBXBuildFile; fileRef = 449096402C520ECD00EF97A3 /* BTUUIDs.swift */; };
		449096452C520ECD00EF97A3 /* BTUtils.swift in Sources */ = {isa = PBXBuildFile; fileRef = 449096412C520ECD00EF97A3 /* BTUtils.swift */; };
		449096482C52210F00EF97A3 /* BluetoothConnectView.swift in Sources */ = {isa = PBXBuildFile; fileRef = 449096472C52210F00EF97A3 /* BluetoothConnectView.swift */; };
		449840492C53532400A7AF05 /* BluetoothHelper.swift in Sources */ = {isa = PBXBuildFile; fileRef = 449840482C53532400A7AF05 /* BluetoothHelper.swift */; };
		44B3C00C2C50BE6800CAADBC /* ESP_32_InterfaceApp.swift in Sources */ = {isa = PBXBuildFile; fileRef = 44B3C00B2C50BE6800CAADBC /* ESP_32_InterfaceApp.swift */; };
		44B3C00E2C50BE6800CAADBC /* ContentView.swift in Sources */ = {isa = PBXBuildFile; fileRef = 44B3C00D2C50BE6800CAADBC /* ContentView.swift */; };
		44B3C0102C50BE6A00CAADBC /* Assets.xcassets in Resources */ = {isa = PBXBuildFile; fileRef = 44B3C00F2C50BE6A00CAADBC /* Assets.xcassets */; };
		44B3C0142C50BE6A00CAADBC /* Preview Assets.xcassets in Resources */ = {isa = PBXBuildFile; fileRef = 44B3C0132C50BE6A00CAADBC /* Preview Assets.xcassets */; };
		44B3C01E2C50BE6B00CAADBC /* ESP_32_InterfaceTests.swift in Sources */ = {isa = PBXBuildFile; fileRef = 44B3C01D2C50BE6B00CAADBC /* ESP_32_InterfaceTests.swift */; };
		44B3C0282C50BE6B00CAADBC /* ESP_32_InterfaceUITests.swift in Sources */ = {isa = PBXBuildFile; fileRef = 44B3C0272C50BE6B00CAADBC /* ESP_32_InterfaceUITests.swift */; };
		44B3C02A2C50BE6B00CAADBC /* ESP_32_InterfaceUITestsLaunchTests.swift in Sources */ = {isa = PBXBuildFile; fileRef = 44B3C0292C50BE6B00CAADBC /* ESP_32_InterfaceUITestsLaunchTests.swift */; };
		44B3C0392C50C97200CAADBC /* ServoView.swift in Sources */ = {isa = PBXBuildFile; fileRef = 44B3C0382C50C97200CAADBC /* ServoView.swift */; };
		44B3C03B2C50CCE500CAADBC /* DeviceView.swift in Sources */ = {isa = PBXBuildFile; fileRef = 44B3C03A2C50CCE500CAADBC /* DeviceView.swift */; };
/* End PBXBuildFile section */

/* Begin PBXContainerItemProxy section */
		44B3C01A2C50BE6B00CAADBC /* PBXContainerItemProxy */ = {
			isa = PBXContainerItemProxy;
			containerPortal = 44B3C0002C50BE6800CAADBC /* Project object */;
			proxyType = 1;
			remoteGlobalIDString = 44B3C0072C50BE6800CAADBC;
			remoteInfo = "ESP 32 Interface";
		};
		44B3C0242C50BE6B00CAADBC /* PBXContainerItemProxy */ = {
			isa = PBXContainerItemProxy;
			containerPortal = 44B3C0002C50BE6800CAADBC /* Project object */;
			proxyType = 1;
			remoteGlobalIDString = 44B3C0072C50BE6800CAADBC;
			remoteInfo = "ESP 32 Interface";
		};
/* End PBXContainerItemProxy section */

/* Begin PBXFileReference section */
		449096262C51E7C000EF97A3 /* Data.swift */ = {isa = PBXFileReference; lastKnownFileType = sourcecode.swift; path = Data.swift; sourceTree = "<group>"; };
		4490963E2C520ECD00EF97A3 /* BTManager.swift */ = {isa = PBXFileReference; fileEncoding = 4; lastKnownFileType = sourcecode.swift; path = BTManager.swift; sourceTree = "<group>"; };
		4490963F2C520ECD00EF97A3 /* BTDevice.swift */ = {isa = PBXFileReference; fileEncoding = 4; lastKnownFileType = sourcecode.swift; path = BTDevice.swift; sourceTree = "<group>"; };
		449096402C520ECD00EF97A3 /* BTUUIDs.swift */ = {isa = PBXFileReference; fileEncoding = 4; lastKnownFileType = sourcecode.swift; path = BTUUIDs.swift; sourceTree = "<group>"; };
		449096412C520ECD00EF97A3 /* BTUtils.swift */ = {isa = PBXFileReference; fileEncoding = 4; lastKnownFileType = sourcecode.swift; path = BTUtils.swift; sourceTree = "<group>"; };
		449096472C52210F00EF97A3 /* BluetoothConnectView.swift */ = {isa = PBXFileReference; fileEncoding = 4; lastKnownFileType = sourcecode.swift; path = BluetoothConnectView.swift; sourceTree = "<group>"; };
		449840482C53532400A7AF05 /* BluetoothHelper.swift */ = {isa = PBXFileReference; lastKnownFileType = sourcecode.swift; path = BluetoothHelper.swift; sourceTree = "<group>"; };
		44B3C0082C50BE6800CAADBC /* ESP 32 Interface.app */ = {isa = PBXFileReference; explicitFileType = wrapper.application; includeInIndex = 0; path = "ESP 32 Interface.app"; sourceTree = BUILT_PRODUCTS_DIR; };
		44B3C00B2C50BE6800CAADBC /* ESP_32_InterfaceApp.swift */ = {isa = PBXFileReference; lastKnownFileType = sourcecode.swift; path = ESP_32_InterfaceApp.swift; sourceTree = "<group>"; };
		44B3C00D2C50BE6800CAADBC /* ContentView.swift */ = {isa = PBXFileReference; lastKnownFileType = sourcecode.swift; path = ContentView.swift; sourceTree = "<group>"; };
		44B3C00F2C50BE6A00CAADBC /* Assets.xcassets */ = {isa = PBXFileReference; lastKnownFileType = folder.assetcatalog; path = Assets.xcassets; sourceTree = "<group>"; };
		44B3C0112C50BE6A00CAADBC /* ESP_32_Interface.entitlements */ = {isa = PBXFileReference; lastKnownFileType = text.plist.entitlements; path = ESP_32_Interface.entitlements; sourceTree = "<group>"; };
		44B3C0132C50BE6A00CAADBC /* Preview Assets.xcassets */ = {isa = PBXFileReference; lastKnownFileType = folder.assetcatalog; path = "Preview Assets.xcassets"; sourceTree = "<group>"; };
		44B3C0192C50BE6B00CAADBC /* ESP 32 InterfaceTests.xctest */ = {isa = PBXFileReference; explicitFileType = wrapper.cfbundle; includeInIndex = 0; path = "ESP 32 InterfaceTests.xctest"; sourceTree = BUILT_PRODUCTS_DIR; };
		44B3C01D2C50BE6B00CAADBC /* ESP_32_InterfaceTests.swift */ = {isa = PBXFileReference; lastKnownFileType = sourcecode.swift; path = ESP_32_InterfaceTests.swift; sourceTree = "<group>"; };
		44B3C0232C50BE6B00CAADBC /* ESP 32 InterfaceUITests.xctest */ = {isa = PBXFileReference; explicitFileType = wrapper.cfbundle; includeInIndex = 0; path = "ESP 32 InterfaceUITests.xctest"; sourceTree = BUILT_PRODUCTS_DIR; };
		44B3C0272C50BE6B00CAADBC /* ESP_32_InterfaceUITests.swift */ = {isa = PBXFileReference; lastKnownFileType = sourcecode.swift; path = ESP_32_InterfaceUITests.swift; sourceTree = "<group>"; };
		44B3C0292C50BE6B00CAADBC /* ESP_32_InterfaceUITestsLaunchTests.swift */ = {isa = PBXFileReference; lastKnownFileType = sourcecode.swift; path = ESP_32_InterfaceUITestsLaunchTests.swift; sourceTree = "<group>"; };
		44B3C0382C50C97200CAADBC /* ServoView.swift */ = {isa = PBXFileReference; lastKnownFileType = sourcecode.swift; path = ServoView.swift; sourceTree = "<group>"; };
		44B3C03A2C50CCE500CAADBC /* DeviceView.swift */ = {isa = PBXFileReference; lastKnownFileType = sourcecode.swift; path = DeviceView.swift; sourceTree = "<group>"; };
/* End PBXFileReference section */

/* Begin PBXFrameworksBuildPhase section */
		44B3C0052C50BE6800CAADBC /* Frameworks */ = {
			isa = PBXFrameworksBuildPhase;
			buildActionMask = 2147483647;
			files = (
			);
			runOnlyForDeploymentPostprocessing = 0;
		};
		44B3C0162C50BE6B00CAADBC /* Frameworks */ = {
			isa = PBXFrameworksBuildPhase;
			buildActionMask = 2147483647;
			files = (
			);
			runOnlyForDeploymentPostprocessing = 0;
		};
		44B3C0202C50BE6B00CAADBC /* Frameworks */ = {
			isa = PBXFrameworksBuildPhase;
			buildActionMask = 2147483647;
			files = (
			);
			runOnlyForDeploymentPostprocessing = 0;
		};
/* End PBXFrameworksBuildPhase section */

/* Begin PBXGroup section */
		449096462C520ED100EF97A3 /* Bluetooth */ = {
			isa = PBXGroup;
			children = (
				4490963F2C520ECD00EF97A3 /* BTDevice.swift */,
				4490963E2C520ECD00EF97A3 /* BTManager.swift */,
				449096412C520ECD00EF97A3 /* BTUtils.swift */,
				449096402C520ECD00EF97A3 /* BTUUIDs.swift */,
			);
			path = Bluetooth;
			sourceTree = "<group>";
		};
		44B3BFFF2C50BE6800CAADBC = {
			isa = PBXGroup;
			children = (
				44B3C00A2C50BE6800CAADBC /* ESP 32 Interface */,
				44B3C01C2C50BE6B00CAADBC /* ESP 32 InterfaceTests */,
				44B3C0262C50BE6B00CAADBC /* ESP 32 InterfaceUITests */,
				44B3C0092C50BE6800CAADBC /* Products */,
			);
			sourceTree = "<group>";
		};
		44B3C0092C50BE6800CAADBC /* Products */ = {
			isa = PBXGroup;
			children = (
				44B3C0082C50BE6800CAADBC /* ESP 32 Interface.app */,
				44B3C0192C50BE6B00CAADBC /* ESP 32 InterfaceTests.xctest */,
				44B3C0232C50BE6B00CAADBC /* ESP 32 InterfaceUITests.xctest */,
			);
			name = Products;
			sourceTree = "<group>";
		};
		44B3C00A2C50BE6800CAADBC /* ESP 32 Interface */ = {
			isa = PBXGroup;
			children = (
				449096462C520ED100EF97A3 /* Bluetooth */,
				44B3C00B2C50BE6800CAADBC /* ESP_32_InterfaceApp.swift */,
				449096472C52210F00EF97A3 /* BluetoothConnectView.swift */,
				449840482C53532400A7AF05 /* BluetoothHelper.swift */,
				44B3C00D2C50BE6800CAADBC /* ContentView.swift */,
				44B3C03A2C50CCE500CAADBC /* DeviceView.swift */,
				44B3C0382C50C97200CAADBC /* ServoView.swift */,
				449096262C51E7C000EF97A3 /* Data.swift */,
				44B3C00F2C50BE6A00CAADBC /* Assets.xcassets */,
				44B3C0112C50BE6A00CAADBC /* ESP_32_Interface.entitlements */,
				44B3C0122C50BE6A00CAADBC /* Preview Content */,
			);
			path = "ESP 32 Interface";
			sourceTree = "<group>";
		};
		44B3C0122C50BE6A00CAADBC /* Preview Content */ = {
			isa = PBXGroup;
			children = (
				44B3C0132C50BE6A00CAADBC /* Preview Assets.xcassets */,
			);
			path = "Preview Content";
			sourceTree = "<group>";
		};
		44B3C01C2C50BE6B00CAADBC /* ESP 32 InterfaceTests */ = {
			isa = PBXGroup;
			children = (
				44B3C01D2C50BE6B00CAADBC /* ESP_32_InterfaceTests.swift */,
			);
			path = "ESP 32 InterfaceTests";
			sourceTree = "<group>";
		};
		44B3C0262C50BE6B00CAADBC /* ESP 32 InterfaceUITests */ = {
			isa = PBXGroup;
			children = (
				44B3C0272C50BE6B00CAADBC /* ESP_32_InterfaceUITests.swift */,
				44B3C0292C50BE6B00CAADBC /* ESP_32_InterfaceUITestsLaunchTests.swift */,
			);
			path = "ESP 32 InterfaceUITests";
			sourceTree = "<group>";
		};
/* End PBXGroup section */

/* Begin PBXNativeTarget section */
		44B3C0072C50BE6800CAADBC /* ESP 32 Interface */ = {
			isa = PBXNativeTarget;
			buildConfigurationList = 44B3C02D2C50BE6B00CAADBC /* Build configuration list for PBXNativeTarget "ESP 32 Interface" */;
			buildPhases = (
				44B3C0042C50BE6800CAADBC /* Sources */,
				44B3C0052C50BE6800CAADBC /* Frameworks */,
				44B3C0062C50BE6800CAADBC /* Resources */,
			);
			buildRules = (
			);
			dependencies = (
			);
			name = "ESP 32 Interface";
			productName = "ESP 32 Interface";
			productReference = 44B3C0082C50BE6800CAADBC /* ESP 32 Interface.app */;
			productType = "com.apple.product-type.application";
		};
		44B3C0182C50BE6B00CAADBC /* ESP 32 InterfaceTests */ = {
			isa = PBXNativeTarget;
			buildConfigurationList = 44B3C0302C50BE6B00CAADBC /* Build configuration list for PBXNativeTarget "ESP 32 InterfaceTests" */;
			buildPhases = (
				44B3C0152C50BE6B00CAADBC /* Sources */,
				44B3C0162C50BE6B00CAADBC /* Frameworks */,
				44B3C0172C50BE6B00CAADBC /* Resources */,
			);
			buildRules = (
			);
			dependencies = (
				44B3C01B2C50BE6B00CAADBC /* PBXTargetDependency */,
			);
			name = "ESP 32 InterfaceTests";
			productName = "ESP 32 InterfaceTests";
			productReference = 44B3C0192C50BE6B00CAADBC /* ESP 32 InterfaceTests.xctest */;
			productType = "com.apple.product-type.bundle.unit-test";
		};
		44B3C0222C50BE6B00CAADBC /* ESP 32 InterfaceUITests */ = {
			isa = PBXNativeTarget;
			buildConfigurationList = 44B3C0332C50BE6B00CAADBC /* Build configuration list for PBXNativeTarget "ESP 32 InterfaceUITests" */;
			buildPhases = (
				44B3C01F2C50BE6B00CAADBC /* Sources */,
				44B3C0202C50BE6B00CAADBC /* Frameworks */,
				44B3C0212C50BE6B00CAADBC /* Resources */,
			);
			buildRules = (
			);
			dependencies = (
				44B3C0252C50BE6B00CAADBC /* PBXTargetDependency */,
			);
			name = "ESP 32 InterfaceUITests";
			productName = "ESP 32 InterfaceUITests";
			productReference = 44B3C0232C50BE6B00CAADBC /* ESP 32 InterfaceUITests.xctest */;
			productType = "com.apple.product-type.bundle.ui-testing";
		};
/* End PBXNativeTarget section */

/* Begin PBXProject section */
		44B3C0002C50BE6800CAADBC /* Project object */ = {
			isa = PBXProject;
			attributes = {
				BuildIndependentTargetsInParallel = 1;
				LastSwiftUpdateCheck = 1420;
				LastUpgradeCheck = 1420;
				TargetAttributes = {
					44B3C0072C50BE6800CAADBC = {
						CreatedOnToolsVersion = 14.2;
					};
					44B3C0182C50BE6B00CAADBC = {
						CreatedOnToolsVersion = 14.2;
						TestTargetID = 44B3C0072C50BE6800CAADBC;
					};
					44B3C0222C50BE6B00CAADBC = {
						CreatedOnToolsVersion = 14.2;
						TestTargetID = 44B3C0072C50BE6800CAADBC;
					};
				};
			};
			buildConfigurationList = 44B3C0032C50BE6800CAADBC /* Build configuration list for PBXProject "ESP 32 Interface" */;
			compatibilityVersion = "Xcode 14.0";
			developmentRegion = en;
			hasScannedForEncodings = 0;
			knownRegions = (
				en,
				Base,
			);
			mainGroup = 44B3BFFF2C50BE6800CAADBC;
			productRefGroup = 44B3C0092C50BE6800CAADBC /* Products */;
			projectDirPath = "";
			projectRoot = "";
			targets = (
				44B3C0072C50BE6800CAADBC /* ESP 32 Interface */,
				44B3C0182C50BE6B00CAADBC /* ESP 32 InterfaceTests */,
				44B3C0222C50BE6B00CAADBC /* ESP 32 InterfaceUITests */,
			);
		};
/* End PBXProject section */

/* Begin PBXResourcesBuildPhase section */
		44B3C0062C50BE6800CAADBC /* Resources */ = {
			isa = PBXResourcesBuildPhase;
			buildActionMask = 2147483647;
			files = (
				44B3C0142C50BE6A00CAADBC /* Preview Assets.xcassets in Resources */,
				44B3C0102C50BE6A00CAADBC /* Assets.xcassets in Resources */,
			);
			runOnlyForDeploymentPostprocessing = 0;
		};
		44B3C0172C50BE6B00CAADBC /* Resources */ = {
			isa = PBXResourcesBuildPhase;
			buildActionMask = 2147483647;
			files = (
			);
			runOnlyForDeploymentPostprocessing = 0;
		};
		44B3C0212C50BE6B00CAADBC /* Resources */ = {
			isa = PBXResourcesBuildPhase;
			buildActionMask = 2147483647;
			files = (
			);
			runOnlyForDeploymentPostprocessing = 0;
		};
/* End PBXResourcesBuildPhase section */

/* Begin PBXSourcesBuildPhase section */
		44B3C0042C50BE6800CAADBC /* Sources */ = {
			isa = PBXSourcesBuildPhase;
			buildActionMask = 2147483647;
			files = (
				449096482C52210F00EF97A3 /* BluetoothConnectView.swift in Sources */,
				449096422C520ECD00EF97A3 /* BTManager.swift in Sources */,
				449096452C520ECD00EF97A3 /* BTUtils.swift in Sources */,
				449096442C520ECD00EF97A3 /* BTUUIDs.swift in Sources */,
				449840492C53532400A7AF05 /* BluetoothHelper.swift in Sources */,
				449096272C51E7C000EF97A3 /* Data.swift in Sources */,
				44B3C00E2C50BE6800CAADBC /* ContentView.swift in Sources */,
				44B3C0392C50C97200CAADBC /* ServoView.swift in Sources */,
				44B3C03B2C50CCE500CAADBC /* DeviceView.swift in Sources */,
				44B3C00C2C50BE6800CAADBC /* ESP_32_InterfaceApp.swift in Sources */,
				449096432C520ECD00EF97A3 /* BTDevice.swift in Sources */,
			);
			runOnlyForDeploymentPostprocessing = 0;
		};
		44B3C0152C50BE6B00CAADBC /* Sources */ = {
			isa = PBXSourcesBuildPhase;
			buildActionMask = 2147483647;
			files = (
				44B3C01E2C50BE6B00CAADBC /* ESP_32_InterfaceTests.swift in Sources */,
			);
			runOnlyForDeploymentPostprocessing = 0;
		};
		44B3C01F2C50BE6B00CAADBC /* Sources */ = {
			isa = PBXSourcesBuildPhase;
			buildActionMask = 2147483647;
			files = (
				44B3C02A2C50BE6B00CAADBC /* ESP_32_InterfaceUITestsLaunchTests.swift in Sources */,
				44B3C0282C50BE6B00CAADBC /* ESP_32_InterfaceUITests.swift in Sources */,
			);
			runOnlyForDeploymentPostprocessing = 0;
		};
/* End PBXSourcesBuildPhase section */

/* Begin PBXTargetDependency section */
		44B3C01B2C50BE6B00CAADBC /* PBXTargetDependency */ = {
			isa = PBXTargetDependency;
			target = 44B3C0072C50BE6800CAADBC /* ESP 32 Interface */;
			targetProxy = 44B3C01A2C50BE6B00CAADBC /* PBXContainerItemProxy */;
		};
		44B3C0252C50BE6B00CAADBC /* PBXTargetDependency */ = {
			isa = PBXTargetDependency;
			target = 44B3C0072C50BE6800CAADBC /* ESP 32 Interface */;
			targetProxy = 44B3C0242C50BE6B00CAADBC /* PBXContainerItemProxy */;
		};
/* End PBXTargetDependency section */

/* Begin XCBuildConfiguration section */
		44B3C02B2C50BE6B00CAADBC /* Debug */ = {
			isa = XCBuildConfiguration;
			buildSettings = {
				ALWAYS_SEARCH_USER_PATHS = NO;
				CLANG_ANALYZER_NONNULL = YES;
				CLANG_ANALYZER_NUMBER_OBJECT_CONVERSION = YES_AGGRESSIVE;
				CLANG_CXX_LANGUAGE_STANDARD = "gnu++20";
				CLANG_ENABLE_MODULES = YES;
				CLANG_ENABLE_OBJC_ARC = YES;
				CLANG_ENABLE_OBJC_WEAK = YES;
				CLANG_WARN_BLOCK_CAPTURE_AUTORELEASING = YES;
				CLANG_WARN_BOOL_CONVERSION = YES;
				CLANG_WARN_COMMA = YES;
				CLANG_WARN_CONSTANT_CONVERSION = YES;
				CLANG_WARN_DEPRECATED_OBJC_IMPLEMENTATIONS = YES;
				CLANG_WARN_DIRECT_OBJC_ISA_USAGE = YES_ERROR;
				CLANG_WARN_DOCUMENTATION_COMMENTS = YES;
				CLANG_WARN_EMPTY_BODY = YES;
				CLANG_WARN_ENUM_CONVERSION = YES;
				CLANG_WARN_INFINITE_RECURSION = YES;
				CLANG_WARN_INT_CONVERSION = YES;
				CLANG_WARN_NON_LITERAL_NULL_CONVERSION = YES;
				CLANG_WARN_OBJC_IMPLICIT_RETAIN_SELF = YES;
				CLANG_WARN_OBJC_LITERAL_CONVERSION = YES;
				CLANG_WARN_OBJC_ROOT_CLASS = YES_ERROR;
				CLANG_WARN_QUOTED_INCLUDE_IN_FRAMEWORK_HEADER = YES;
				CLANG_WARN_RANGE_LOOP_ANALYSIS = YES;
				CLANG_WARN_STRICT_PROTOTYPES = YES;
				CLANG_WARN_SUSPICIOUS_MOVE = YES;
				CLANG_WARN_UNGUARDED_AVAILABILITY = YES_AGGRESSIVE;
				CLANG_WARN_UNREACHABLE_CODE = YES;
				CLANG_WARN__DUPLICATE_METHOD_MATCH = YES;
				COPY_PHASE_STRIP = NO;
				DEBUG_INFORMATION_FORMAT = dwarf;
				ENABLE_STRICT_OBJC_MSGSEND = YES;
				ENABLE_TESTABILITY = YES;
				GCC_C_LANGUAGE_STANDARD = gnu11;
				GCC_DYNAMIC_NO_PIC = NO;
				GCC_NO_COMMON_BLOCKS = YES;
				GCC_OPTIMIZATION_LEVEL = 0;
				GCC_PREPROCESSOR_DEFINITIONS = (
					"DEBUG=1",
					"$(inherited)",
				);
				GCC_WARN_64_TO_32_BIT_CONVERSION = YES;
				GCC_WARN_ABOUT_RETURN_TYPE = YES_ERROR;
				GCC_WARN_UNDECLARED_SELECTOR = YES;
				GCC_WARN_UNINITIALIZED_AUTOS = YES_AGGRESSIVE;
				GCC_WARN_UNUSED_FUNCTION = YES;
				GCC_WARN_UNUSED_VARIABLE = YES;
				MTL_ENABLE_DEBUG_INFO = INCLUDE_SOURCE;
				MTL_FAST_MATH = YES;
				ONLY_ACTIVE_ARCH = YES;
				SWIFT_ACTIVE_COMPILATION_CONDITIONS = DEBUG;
				SWIFT_OPTIMIZATION_LEVEL = "-Onone";
			};
			name = Debug;
		};
		44B3C02C2C50BE6B00CAADBC /* Release */ = {
			isa = XCBuildConfiguration;
			buildSettings = {
				ALWAYS_SEARCH_USER_PATHS = NO;
				CLANG_ANALYZER_NONNULL = YES;
				CLANG_ANALYZER_NUMBER_OBJECT_CONVERSION = YES_AGGRESSIVE;
				CLANG_CXX_LANGUAGE_STANDARD = "gnu++20";
				CLANG_ENABLE_MODULES = YES;
				CLANG_ENABLE_OBJC_ARC = YES;
				CLANG_ENABLE_OBJC_WEAK = YES;
				CLANG_WARN_BLOCK_CAPTURE_AUTORELEASING = YES;
				CLANG_WARN_BOOL_CONVERSION = YES;
				CLANG_WARN_COMMA = YES;
				CLANG_WARN_CONSTANT_CONVERSION = YES;
				CLANG_WARN_DEPRECATED_OBJC_IMPLEMENTATIONS = YES;
				CLANG_WARN_DIRECT_OBJC_ISA_USAGE = YES_ERROR;
				CLANG_WARN_DOCUMENTATION_COMMENTS = YES;
				CLANG_WARN_EMPTY_BODY = YES;
				CLANG_WARN_ENUM_CONVERSION = YES;
				CLANG_WARN_INFINITE_RECURSION = YES;
				CLANG_WARN_INT_CONVERSION = YES;
				CLANG_WARN_NON_LITERAL_NULL_CONVERSION = YES;
				CLANG_WARN_OBJC_IMPLICIT_RETAIN_SELF = YES;
				CLANG_WARN_OBJC_LITERAL_CONVERSION = YES;
				CLANG_WARN_OBJC_ROOT_CLASS = YES_ERROR;
				CLANG_WARN_QUOTED_INCLUDE_IN_FRAMEWORK_HEADER = YES;
				CLANG_WARN_RANGE_LOOP_ANALYSIS = YES;
				CLANG_WARN_STRICT_PROTOTYPES = YES;
				CLANG_WARN_SUSPICIOUS_MOVE = YES;
				CLANG_WARN_UNGUARDED_AVAILABILITY = YES_AGGRESSIVE;
				CLANG_WARN_UNREACHABLE_CODE = YES;
				CLANG_WARN__DUPLICATE_METHOD_MATCH = YES;
				COPY_PHASE_STRIP = NO;
				DEBUG_INFORMATION_FORMAT = "dwarf-with-dsym";
				ENABLE_NS_ASSERTIONS = NO;
				ENABLE_STRICT_OBJC_MSGSEND = YES;
				GCC_C_LANGUAGE_STANDARD = gnu11;
				GCC_NO_COMMON_BLOCKS = YES;
				GCC_WARN_64_TO_32_BIT_CONVERSION = YES;
				GCC_WARN_ABOUT_RETURN_TYPE = YES_ERROR;
				GCC_WARN_UNDECLARED_SELECTOR = YES;
				GCC_WARN_UNINITIALIZED_AUTOS = YES_AGGRESSIVE;
				GCC_WARN_UNUSED_FUNCTION = YES;
				GCC_WARN_UNUSED_VARIABLE = YES;
				MTL_ENABLE_DEBUG_INFO = NO;
				MTL_FAST_MATH = YES;
				SWIFT_COMPILATION_MODE = wholemodule;
				SWIFT_OPTIMIZATION_LEVEL = "-O";
			};
			name = Release;
		};
		44B3C02E2C50BE6B00CAADBC /* Debug */ = {
			isa = XCBuildConfiguration;
			buildSettings = {
				ASSETCATALOG_COMPILER_APPICON_NAME = AppIcon;
				ASSETCATALOG_COMPILER_GLOBAL_ACCENT_COLOR_NAME = AccentColor;
				CODE_SIGN_ENTITLEMENTS = "ESP 32 Interface/ESP_32_Interface.entitlements";
				CODE_SIGN_STYLE = Automatic;
				CURRENT_PROJECT_VERSION = 1;
				DEVELOPMENT_ASSET_PATHS = "\"ESP 32 Interface/Preview Content\"";
				DEVELOPMENT_TEAM = Q9SL3JA643;
				ENABLE_PREVIEWS = YES;
				GENERATE_INFOPLIST_FILE = YES;
				INFOPLIST_KEY_NSBluetoothAlwaysUsageDescription = "Connect to ESP32";
				INFOPLIST_KEY_NSBluetoothPeripheralUsageDescription = "Connect to ESP32";
				"INFOPLIST_KEY_UIApplicationSceneManifest_Generation[sdk=iphoneos*]" = YES;
				"INFOPLIST_KEY_UIApplicationSceneManifest_Generation[sdk=iphonesimulator*]" = YES;
				"INFOPLIST_KEY_UIApplicationSupportsIndirectInputEvents[sdk=iphoneos*]" = YES;
				"INFOPLIST_KEY_UIApplicationSupportsIndirectInputEvents[sdk=iphonesimulator*]" = YES;
				"INFOPLIST_KEY_UILaunchScreen_Generation[sdk=iphoneos*]" = YES;
				"INFOPLIST_KEY_UILaunchScreen_Generation[sdk=iphonesimulator*]" = YES;
				"INFOPLIST_KEY_UIStatusBarStyle[sdk=iphoneos*]" = UIStatusBarStyleDefault;
				"INFOPLIST_KEY_UIStatusBarStyle[sdk=iphonesimulator*]" = UIStatusBarStyleDefault;
				INFOPLIST_KEY_UISupportedInterfaceOrientations_iPad = "UIInterfaceOrientationPortrait UIInterfaceOrientationPortraitUpsideDown UIInterfaceOrientationLandscapeLeft UIInterfaceOrientationLandscapeRight";
				INFOPLIST_KEY_UISupportedInterfaceOrientations_iPhone = "UIInterfaceOrientationPortrait UIInterfaceOrientationLandscapeLeft UIInterfaceOrientationLandscapeRight";
				IPHONEOS_DEPLOYMENT_TARGET = 14.0;
				LD_RUNPATH_SEARCH_PATHS = "@executable_path/Frameworks";
				"LD_RUNPATH_SEARCH_PATHS[sdk=macosx*]" = "@executable_path/../Frameworks";
				MACOSX_DEPLOYMENT_TARGET = 12.7;
				MARKETING_VERSION = 1.0;
				PRODUCT_BUNDLE_IDENTIFIER = "Chestnut.ESP-32-Interface";
				PRODUCT_NAME = "$(TARGET_NAME)";
				SDKROOT = auto;
				SUPPORTED_PLATFORMS = "iphoneos iphonesimulator macosx";
				SWIFT_EMIT_LOC_STRINGS = YES;
				SWIFT_VERSION = 5.0;
				TARGETED_DEVICE_FAMILY = "1,2";
			};
			name = Debug;
		};
		44B3C02F2C50BE6B00CAADBC /* Release */ = {
			isa = XCBuildConfiguration;
			buildSettings = {
				ASSETCATALOG_COMPILER_APPICON_NAME = AppIcon;
				ASSETCATALOG_COMPILER_GLOBAL_ACCENT_COLOR_NAME = AccentColor;
				CODE_SIGN_ENTITLEMENTS = "ESP 32 Interface/ESP_32_Interface.entitlements";
				CODE_SIGN_STYLE = Automatic;
				CURRENT_PROJECT_VERSION = 1;
				DEVELOPMENT_ASSET_PATHS = "\"ESP 32 Interface/Preview Content\"";
				DEVELOPMENT_TEAM = Q9SL3JA643;
				ENABLE_PREVIEWS = YES;
				GENERATE_INFOPLIST_FILE = YES;
				INFOPLIST_KEY_NSBluetoothAlwaysUsageDescription = "Connect to ESP32";
				INFOPLIST_KEY_NSBluetoothPeripheralUsageDescription = "Connect to ESP32";
				"INFOPLIST_KEY_UIApplicationSceneManifest_Generation[sdk=iphoneos*]" = YES;
				"INFOPLIST_KEY_UIApplicationSceneManifest_Generation[sdk=iphonesimulator*]" = YES;
				"INFOPLIST_KEY_UIApplicationSupportsIndirectInputEvents[sdk=iphoneos*]" = YES;
				"INFOPLIST_KEY_UIApplicationSupportsIndirectInputEvents[sdk=iphonesimulator*]" = YES;
				"INFOPLIST_KEY_UILaunchScreen_Generation[sdk=iphoneos*]" = YES;
				"INFOPLIST_KEY_UILaunchScreen_Generation[sdk=iphonesimulator*]" = YES;
				"INFOPLIST_KEY_UIStatusBarStyle[sdk=iphoneos*]" = UIStatusBarStyleDefault;
				"INFOPLIST_KEY_UIStatusBarStyle[sdk=iphonesimulator*]" = UIStatusBarStyleDefault;
				INFOPLIST_KEY_UISupportedInterfaceOrientations_iPad = "UIInterfaceOrientationPortrait UIInterfaceOrientationPortraitUpsideDown UIInterfaceOrientationLandscapeLeft UIInterfaceOrientationLandscapeRight";
				INFOPLIST_KEY_UISupportedInterfaceOrientations_iPhone = "UIInterfaceOrientationPortrait UIInterfaceOrientationLandscapeLeft UIInterfaceOrientationLandscapeRight";
				IPHONEOS_DEPLOYMENT_TARGET = 14.0;
				LD_RUNPATH_SEARCH_PATHS = "@executable_path/Frameworks";
				"LD_RUNPATH_SEARCH_PATHS[sdk=macosx*]" = "@executable_path/../Frameworks";
				MACOSX_DEPLOYMENT_TARGET = 12.7;
				MARKETING_VERSION = 1.0;
				PRODUCT_BUNDLE_IDENTIFIER = "Chestnut.ESP-32-Interface";
				PRODUCT_NAME = "$(TARGET_NAME)";
				SDKROOT = auto;
				SUPPORTED_PLATFORMS = "iphoneos iphonesimulator macosx";
				SWIFT_EMIT_LOC_STRINGS = YES;
				SWIFT_VERSION = 5.0;
				TARGETED_DEVICE_FAMILY = "1,2";
			};
			name = Release;
		};
		44B3C0312C50BE6B00CAADBC /* Debug */ = {
			isa = XCBuildConfiguration;
			buildSettings = {
				ALWAYS_EMBED_SWIFT_STANDARD_LIBRARIES = YES;
				BUNDLE_LOADER = "$(TEST_HOST)";
				CODE_SIGN_STYLE = Automatic;
				CURRENT_PROJECT_VERSION = 1;
				GENERATE_INFOPLIST_FILE = YES;
				IPHONEOS_DEPLOYMENT_TARGET = 16.2;
				MACOSX_DEPLOYMENT_TARGET = 12.7;
				MARKETING_VERSION = 1.0;
				PRODUCT_BUNDLE_IDENTIFIER = "Chestnut.ESP-32-InterfaceTests";
				PRODUCT_NAME = "$(TARGET_NAME)";
				SDKROOT = auto;
				SUPPORTED_PLATFORMS = "iphoneos iphonesimulator macosx";
				SWIFT_EMIT_LOC_STRINGS = NO;
				SWIFT_VERSION = 5.0;
				TARGETED_DEVICE_FAMILY = "1,2";
				TEST_HOST = "$(BUILT_PRODUCTS_DIR)/ESP 32 Interface.app/$(BUNDLE_EXECUTABLE_FOLDER_PATH)/ESP 32 Interface";
			};
			name = Debug;
		};
		44B3C0322C50BE6B00CAADBC /* Release */ = {
			isa = XCBuildConfiguration;
			buildSettings = {
				ALWAYS_EMBED_SWIFT_STANDARD_LIBRARIES = YES;
				BUNDLE_LOADER = "$(TEST_HOST)";
				CODE_SIGN_STYLE = Automatic;
				CURRENT_PROJECT_VERSION = 1;
				GENERATE_INFOPLIST_FILE = YES;
				IPHONEOS_DEPLOYMENT_TARGET = 16.2;
				MACOSX_DEPLOYMENT_TARGET = 12.7;
				MARKETING_VERSION = 1.0;
				PRODUCT_BUNDLE_IDENTIFIER = "Chestnut.ESP-32-InterfaceTests";
				PRODUCT_NAME = "$(TARGET_NAME)";
				SDKROOT = auto;
				SUPPORTED_PLATFORMS = "iphoneos iphonesimulator macosx";
				SWIFT_EMIT_LOC_STRINGS = NO;
				SWIFT_VERSION = 5.0;
				TARGETED_DEVICE_FAMILY = "1,2";
				TEST_HOST = "$(BUILT_PRODUCTS_DIR)/ESP 32 Interface.app/$(BUNDLE_EXECUTABLE_FOLDER_PATH)/ESP 32 Interface";
			};
			name = Release;
		};
		44B3C0342C50BE6B00CAADBC /* Debug */ = {
			isa = XCBuildConfiguration;
			buildSettings = {
				ALWAYS_EMBED_SWIFT_STANDARD_LIBRARIES = YES;
				CODE_SIGN_STYLE = Automatic;
				CURRENT_PROJECT_VERSION = 1;
				GENERATE_INFOPLIST_FILE = YES;
				IPHONEOS_DEPLOYMENT_TARGET = 16.2;
				MACOSX_DEPLOYMENT_TARGET = 12.7;
				MARKETING_VERSION = 1.0;
				PRODUCT_BUNDLE_IDENTIFIER = "Chestnut.ESP-32-InterfaceUITests";
				PRODUCT_NAME = "$(TARGET_NAME)";
				SDKROOT = auto;
				SUPPORTED_PLATFORMS = "iphoneos iphonesimulator macosx";
				SWIFT_EMIT_LOC_STRINGS = NO;
				SWIFT_VERSION = 5.0;
				TARGETED_DEVICE_FAMILY = "1,2";
				TEST_TARGET_NAME = "ESP 32 Interface";
			};
			name = Debug;
		};
		44B3C0352C50BE6B00CAADBC /* Release */ = {
			isa = XCBuildConfiguration;
			buildSettings = {
				ALWAYS_EMBED_SWIFT_STANDARD_LIBRARIES = YES;
				CODE_SIGN_STYLE = Automatic;
				CURRENT_PROJECT_VERSION = 1;
				GENERATE_INFOPLIST_FILE = YES;
				IPHONEOS_DEPLOYMENT_TARGET = 16.2;
				MACOSX_DEPLOYMENT_TARGET = 12.7;
				MARKETING_VERSION = 1.0;
				PRODUCT_BUNDLE_IDENTIFIER = "Chestnut.ESP-32-InterfaceUITests";
				PRODUCT_NAME = "$(TARGET_NAME)";
				SDKROOT = auto;
				SUPPORTED_PLATFORMS = "iphoneos iphonesimulator macosx";
				SWIFT_EMIT_LOC_STRINGS = NO;
				SWIFT_VERSION = 5.0;
				TARGETED_DEVICE_FAMILY = "1,2";
				TEST_TARGET_NAME = "ESP 32 Interface";
			};
			name = Release;
		};
/* End XCBuildConfiguration section */

/* Begin XCConfigurationList section */
		44B3C0032C50BE6800CAADBC /* Build configuration list for PBXProject "ESP 32 Interface" */ = {
			isa = XCConfigurationList;
			buildConfigurations = (
				44B3C02B2C50BE6B00CAADBC /* Debug */,
				44B3C02C2C50BE6B00CAADBC /* Release */,
			);
			defaultConfigurationIsVisible = 0;
			defaultConfigurationName = Release;
		};
		44B3C02D2C50BE6B00CAADBC /* Build configuration list for PBXNativeTarget "ESP 32 Interface" */ = {
			isa = XCConfigurationList;
			buildConfigurations = (
				44B3C02E2C50BE6B00CAADBC /* Debug */,
				44B3C02F2C50BE6B00CAADBC /* Release */,
			);
			defaultConfigurationIsVisible = 0;
			defaultConfigurationName = Release;
		};
		44B3C0302C50BE6B00CAADBC /* Build configuration list for PBXNativeTarget "ESP 32 InterfaceTests" */ = {
			isa = XCConfigurationList;
			buildConfigurations = (
				44B3C0312C50BE6B00CAADBC /* Debug */,
				44B3C0322C50BE6B00CAADBC /* Release */,
			);
			defaultConfigurationIsVisible = 0;
			defaultConfigurationName = Release;
		};
		44B3C0332C50BE6B00CAADBC /* Build configuration list for PBXNativeTarget "ESP 32 InterfaceUITests" */ = {
			isa = XCConfigurationList;
			buildConfigurations = (
				44B3C0342C50BE6B00CAADBC /* Debug */,
				44B3C0352C50BE6B00CAADBC /* Release */,
			);
			defaultConfigurationIsVisible = 0;
			defaultConfigurationName = Release;
		};
/* End XCConfigurationList section */
	};
	rootObject = 44B3C0002C50BE6800CAADBC /* Project object */;
}
